schema: '2.0'
stages:
  data_cleaning:
    cmd: python src/data/data_cleaning.py
    deps:
    - path: data/raw/deliverytime.csv
      hash: md5
      md5: 67ab5f61913e9370c8b59c4aa0b187ab
      size: 7170748
    - path: src/data/data_cleaning.py
      hash: md5
      md5: d2f6b8b358816067d45a1c7854c2c5c4
      size: 8508
    outs:
    - path: data/cleaned/delivery_cleaned.csv
      hash: md5
      md5: c631d3b0ae58d9f83d76257c93877933
      size: 4603124
  data_preparation:
    cmd: python src/data/data_preparation.py
    deps:
    - path: data/cleaned/delivery_cleaned.csv
      hash: md5
      md5: c631d3b0ae58d9f83d76257c93877933
      size: 4603124
    - path: src/data/data_preparation.py
      hash: md5
      md5: 914791dea649b19c3d760f1c60b5ea05
      size: 3014
    params:
      params.yaml:
        data_preparation.random_state: 50
        data_preparation.test_size: 0.25
    outs:
    - path: data/interim/test.csv
      hash: md5
      md5: 4cdd486b94b62302ed7baf9d4f274f02
      size: 1148669
    - path: data/interim/train.csv
      hash: md5
      md5: c43a16cff9708152738a2bd6a91e2fc0
      size: 3450933
  data_preprocessing:
    cmd: python src/features/data_preprocessing.py
    deps:
    - path: data/interim/test.csv
      hash: md5
      md5: 4cdd486b94b62302ed7baf9d4f274f02
      size: 1148669
    - path: data/interim/train.csv
      hash: md5
      md5: c43a16cff9708152738a2bd6a91e2fc0
      size: 3450933
    - path: src/features/data_preprocessing.py
      hash: md5
      md5: 4540ec227016385f6c494db785372588
      size: 6899
    outs:
    - path: data/processed/test_trans.csv
      hash: md5
      md5: f90391c747550241ef61b70e6c6d9f5c
      size: 1508224
    - path: data/processed/train_trans.csv
      hash: md5
      md5: 0279d15f634aede74dc725eb1986c727
      size: 4547903
    - path: models/preprocessor.joblib
      hash: md5
      md5: b60c9d99a66b361a7855051400b18e63
      size: 7243
  model_training:
    cmd: python src/model/model_train.py
    deps:
    - path: data/processed/train_trans.csv
      hash: md5
      md5: 0279d15f634aede74dc725eb1986c727
      size: 4547903
    - path: src/model/model_train.py
      hash: md5
      md5: 6e3d241cfeacc4f6efb54011315e974b
      size: 3751
    params:
      params.yaml:
        model_train.LightGBM:
          n_estimators: 154
          max_depth: 27
          learning_rate: 0.22234435854395157
          subsample: 0.7592213724048168
          min_child_weight: 20
          min_split_gain: 0.004604680609280751
          reg_lambda: 97.81002379097947
          n_jobs: -1
    outs:
    - path: models/model.joblib
      hash: md5
      md5: 99a4cf421719dbed5c6df63615e7aa48
      size: 465448
    - path: models/power_transformer.joblib
      hash: md5
      md5: 8b0f6c254f09dcadfcf122b29d95afd0
      size: 805
  model_evaluation:
    cmd: python src/model/model_evaluation.py
    deps:
    - path: data/processed/test_trans.csv
      hash: md5
      md5: f90391c747550241ef61b70e6c6d9f5c
      size: 1508224
    - path: data/processed/train_trans.csv
      hash: md5
      md5: 0279d15f634aede74dc725eb1986c727
      size: 4547903
    - path: models/model.joblib
      hash: md5
      md5: 99a4cf421719dbed5c6df63615e7aa48
      size: 465448
    - path: src/model/model_evaluation.py
      hash: md5
      md5: 37013aeda340ac95274dd9d24319738b
      size: 5943
    outs:
    - path: run_information.json
      hash: md5
      md5: f3509d2165bd616a3cfa3138285cbeae
      size: 169
  register_model:
    cmd: python src/model/register_model.py
    deps:
    - path: run_information.json
      hash: md5
      md5: f3509d2165bd616a3cfa3138285cbeae
      size: 169
    - path: src/model/register_model.py
      hash: md5
      md5: 0675ff61a235c3b37bb851c065e64771
      size: 1977
