schema: '2.0'
stages:
  data_cleaning:
    cmd: python src/data/data_cleaning.py
    deps:
    - path: data/raw/deliverytime.csv
      hash: md5
      md5: 67ab5f61913e9370c8b59c4aa0b187ab
      size: 7170748
    - path: src/data/data_cleaning.py
      hash: md5
      md5: d2f6b8b358816067d45a1c7854c2c5c4
      size: 8508
    outs:
    - path: data/cleaned/delivery_cleaned.csv
      hash: md5
      md5: c631d3b0ae58d9f83d76257c93877933
      size: 4603124
  data_preparation:
    cmd: python src/data/data_preparation.py
    deps:
    - path: data/cleaned/delivery_cleaned.csv
      hash: md5
      md5: c631d3b0ae58d9f83d76257c93877933
      size: 4603124
    - path: src/data/data_preparation.py
      hash: md5
      md5: 914791dea649b19c3d760f1c60b5ea05
      size: 3014
    params:
      params.yaml:
        data_preparation.random_state: 42
        data_preparation.test_size: 0.4
    outs:
    - path: data/interim/test.csv
      hash: md5
      md5: d1f4b3192924b7fc8ecbb2cd64ee54cc
      size: 1842463
    - path: data/interim/train.csv
      hash: md5
      md5: 4c242982ce1c4218fc2c1714a96f9752
      size: 2757139
  data_preprocessing:
    cmd: python src/features/data_preprocessing.py
    deps:
    - path: data/interim/test.csv
      hash: md5
      md5: d1f4b3192924b7fc8ecbb2cd64ee54cc
      size: 1842463
    - path: data/interim/train.csv
      hash: md5
      md5: 4c242982ce1c4218fc2c1714a96f9752
      size: 2757139
    - path: src/features/data_preprocessing.py
      hash: md5
      md5: 4540ec227016385f6c494db785372588
      size: 6899
    outs:
    - path: data/processed/test_trans.csv
      hash: md5
      md5: 2db2800c8dfee09bce1588e8bdc24398
      size: 2427912
    - path: data/processed/train_trans.csv
      hash: md5
      md5: 89c47c0bcdcb07d67defdff633ef3fe4
      size: 3628215
    - path: models/preprocessor.joblib
      hash: md5
      md5: 43f1a27cb0f591e8549c5379d81d67a8
      size: 7243
  model_training:
    cmd: python src/model/model_train.py
    deps:
    - path: data/processed/train_trans.csv
      hash: md5
      md5: 89c47c0bcdcb07d67defdff633ef3fe4
      size: 3628215
    - path: src/model/model_train.py
      hash: md5
      md5: 6e3d241cfeacc4f6efb54011315e974b
      size: 3751
    params:
      params.yaml:
        model_train.LightGBM:
          n_estimators: 154
          max_depth: 27
          learning_rate: 0.22234435854395157
          subsample: 0.7592213724048168
          min_child_weight: 20
          min_split_gain: 0.004604680609280751
          reg_lambda: 97.81002379097947
          n_jobs: -1
    outs:
    - path: models/model.joblib
      hash: md5
      md5: 0b16b5be1e15bb4ff957b3ecc172f98c
      size: 465320
    - path: models/power_transformer.joblib
      hash: md5
      md5: adb6e50966382373bcc708977298b00f
      size: 805
  model_evaluation:
    cmd: python src/model/model_evaluation.py
    deps:
    - path: data/processed/test_trans.csv
      hash: md5
      md5: 2db2800c8dfee09bce1588e8bdc24398
      size: 2427912
    - path: data/processed/train_trans.csv
      hash: md5
      md5: 89c47c0bcdcb07d67defdff633ef3fe4
      size: 3628215
    - path: models/model.joblib
      hash: md5
      md5: 0b16b5be1e15bb4ff957b3ecc172f98c
      size: 465320
    - path: src/model/model_evaluation.py
      hash: md5
      md5: 37013aeda340ac95274dd9d24319738b
      size: 5943
    outs:
    - path: run_information.json
      hash: md5
      md5: c9f80b56bc614df4c90ea0c70b95d463
      size: 169
  register_model:
    cmd: python src/model/register_model.py
    deps:
    - path: run_information.json
      hash: md5
      md5: c9f80b56bc614df4c90ea0c70b95d463
      size: 169
    - path: src/model/register_model.py
      hash: md5
      md5: a667dae2214973c92feff95fab549521
      size: 2933
